
Microsoft Visual Studio Solution File, Format Version 12.00
Project("{FAE04EC0-301F-11D3-BF4B-00C04F79EFBC}") = "BlueSkyEmbed.Web", "BlueSkyEmbed.Web.csproj", "{D39A8685-9B59-4E30-9DD7-4EC8CDB8CF71}"
EndProject
Global
	GlobalSection(SolutionConfigurationPlatforms) = preSolution
		Debug|Any CPU = Debug|Any CPU
		Release|Any CPU = Release|Any CPU
	EndGlobalSection
	GlobalSection(ProjectConfigurationPlatforms) = postSolution
		{D39A8685-9B59-4E30-9DD7-4EC8CDB8CF71}.Debug|Any CPU.ActiveCfg = Debug|Any CPU
		{D39A8685-9B59-4E30-9DD7-4EC8CDB8CF71}.Debug|Any CPU.Build.0 = Debug|Any CPU
		{D39A8685-9B59-4E30-9DD7-4EC8CDB8CF71}.Release|Any CPU.ActiveCfg = Release|Any CPU
		{D39A8685-9B59-4E30-9DD7-4EC8CDB8CF71}.Release|Any CPU.Build.0 = Release|Any CPU
	EndGlobalSection
EndGlobal
